{
  "name": "cache-bust-loader",
  "version": "1.0.4",
  "lockfileVersion": 1,
  "packageIntegrity": "sha512-6cybBYjzYhv7yXrzXsbFRFjECaeJJAj3NrGIOAwileMvEqdk2+gAldonul5+dhSlHCQC3qh8iAIaUo8nfPW45A==",
  "dependencies": {
    "big.js": {
      "version": "https://registry.npmjs.org/big.js/-/big.js-3.1.3.tgz",
      "integrity": "sha1-TK2iGTZS6zyp7I5VyQFWacmAaXg="
    },
    "emojis-list": {
      "version": "https://registry.npmjs.org/emojis-list/-/emojis-list-2.1.0.tgz",
      "integrity": "sha1-TapNnbAPmBmIDHn6RXrlsJof04k="
    },
    "json5": {
      "version": "https://registry.npmjs.org/json5/-/json5-0.5.1.tgz",
      "integrity": "sha1-Hq3nrMASA0rYTiOWdn6tn6VJWCE="
    },
    "loader-utils": {
      "version": "https://registry.npmjs.org/loader-utils/-/loader-utils-1.0.3.tgz",
      "integrity": "sha1-VmwyDCTDPLPwLbTfg/Pb9gslPeM="
    }
  }
}
